
Microsoft Visual Studio Solution File, Format Version 12.00
# Visual Studio Version 16
VisualStudioVersion = 25.0.1706.3
MinimumVisualStudioVersion = 10.0.40219.1
Project("{FAE04EC0-301F-11D3-BF4B-00C04F79EFBC}") = "xamarin.quest.course.Android", "xamarin.quest.course\xamarin.quest.course.Android\xamarin.quest.course.Android.csproj", "{05F69778-75C6-45A4-911C-DCF9811E4AAB}"
EndProject
Project("{FAE04EC0-301F-11D3-BF4B-00C04F79EFBC}") = "xamarin.quest.course.iOS", "xamarin.quest.course\xamarin.quest.course.iOS\xamarin.quest.course.iOS.csproj", "{718DFECC-9FBF-416C-ACD0-BD19DC394F4A}"
EndProject
Project("{FAE04EC0-301F-11D3-BF4B-00C04F79EFBC}") = "xamarin.quest.course", "xamarin.quest.course\xamarin.quest.course\xamarin.quest.course.csproj", "{503D6382-8764-4018-B885-B3DB76EFA3D8}"
EndProject
Project("{FAE04EC0-301F-11D3-BF4B-00C04F79EFBC}") = "xamarin.quest.course.tests", "xamarin.quest.course.tests\xamarin.quest.course.tests.csproj", "{83211262-3771-4708-94A2-E19103184480}"
EndProject
Global
	GlobalSection(SolutionConfigurationPlatforms) = preSolution
		Debug|Any CPU = Debug|Any CPU
		Release|Any CPU = Release|Any CPU
		Debug|iPhoneSimulator = Debug|iPhoneSimulator
		Release|iPhoneSimulator = Release|iPhoneSimulator
		Debug|iPhone = Debug|iPhone
		Release|iPhone = Release|iPhone
	EndGlobalSection
	GlobalSection(ProjectConfigurationPlatforms) = postSolution
		{05F69778-75C6-45A4-911C-DCF9811E4AAB}.Debug|Any CPU.ActiveCfg = Debug|Any CPU
		{05F69778-75C6-45A4-911C-DCF9811E4AAB}.Debug|Any CPU.Build.0 = Debug|Any CPU
		{05F69778-75C6-45A4-911C-DCF9811E4AAB}.Release|Any CPU.ActiveCfg = Release|Any CPU
		{05F69778-75C6-45A4-911C-DCF9811E4AAB}.Release|Any CPU.Build.0 = Release|Any CPU
		{05F69778-75C6-45A4-911C-DCF9811E4AAB}.Debug|iPhoneSimulator.ActiveCfg = Debug|Any CPU
		{05F69778-75C6-45A4-911C-DCF9811E4AAB}.Debug|iPhoneSimulator.Build.0 = Debug|Any CPU
		{05F69778-75C6-45A4-911C-DCF9811E4AAB}.Release|iPhoneSimulator.ActiveCfg = Release|Any CPU
		{05F69778-75C6-45A4-911C-DCF9811E4AAB}.Release|iPhoneSimulator.Build.0 = Release|Any CPU
		{05F69778-75C6-45A4-911C-DCF9811E4AAB}.Debug|iPhone.ActiveCfg = Debug|Any CPU
		{05F69778-75C6-45A4-911C-DCF9811E4AAB}.Debug|iPhone.Build.0 = Debug|Any CPU
		{05F69778-75C6-45A4-911C-DCF9811E4AAB}.Release|iPhone.ActiveCfg = Release|Any CPU
		{05F69778-75C6-45A4-911C-DCF9811E4AAB}.Release|iPhone.Build.0 = Release|Any CPU
		{718DFECC-9FBF-416C-ACD0-BD19DC394F4A}.Debug|Any CPU.ActiveCfg = Debug|iPhoneSimulator
		{718DFECC-9FBF-416C-ACD0-BD19DC394F4A}.Debug|Any CPU.Build.0 = Debug|iPhoneSimulator
		{718DFECC-9FBF-416C-ACD0-BD19DC394F4A}.Release|Any CPU.ActiveCfg = Release|iPhoneSimulator
		{718DFECC-9FBF-416C-ACD0-BD19DC394F4A}.Release|Any CPU.Build.0 = Release|iPhoneSimulator
		{718DFECC-9FBF-416C-ACD0-BD19DC394F4A}.Debug|iPhoneSimulator.ActiveCfg = Debug|iPhoneSimulator
		{718DFECC-9FBF-416C-ACD0-BD19DC394F4A}.Debug|iPhoneSimulator.Build.0 = Debug|iPhoneSimulator
		{718DFECC-9FBF-416C-ACD0-BD19DC394F4A}.Release|iPhoneSimulator.ActiveCfg = Release|iPhoneSimulator
		{718DFECC-9FBF-416C-ACD0-BD19DC394F4A}.Release|iPhoneSimulator.Build.0 = Release|iPhoneSimulator
		{718DFECC-9FBF-416C-ACD0-BD19DC394F4A}.Debug|iPhone.ActiveCfg = Debug|iPhone
		{718DFECC-9FBF-416C-ACD0-BD19DC394F4A}.Debug|iPhone.Build.0 = Debug|iPhone
		{718DFECC-9FBF-416C-ACD0-BD19DC394F4A}.Release|iPhone.ActiveCfg = Release|iPhone
		{718DFECC-9FBF-416C-ACD0-BD19DC394F4A}.Release|iPhone.Build.0 = Release|iPhone
		{503D6382-8764-4018-B885-B3DB76EFA3D8}.Debug|Any CPU.ActiveCfg = Debug|Any CPU
		{503D6382-8764-4018-B885-B3DB76EFA3D8}.Debug|Any CPU.Build.0 = Debug|Any CPU
		{503D6382-8764-4018-B885-B3DB76EFA3D8}.Release|Any CPU.ActiveCfg = Release|Any CPU
		{503D6382-8764-4018-B885-B3DB76EFA3D8}.Release|Any CPU.Build.0 = Release|Any CPU
		{503D6382-8764-4018-B885-B3DB76EFA3D8}.Debug|iPhoneSimulator.ActiveCfg = Debug|Any CPU
		{503D6382-8764-4018-B885-B3DB76EFA3D8}.Debug|iPhoneSimulator.Build.0 = Debug|Any CPU
		{503D6382-8764-4018-B885-B3DB76EFA3D8}.Release|iPhoneSimulator.ActiveCfg = Release|Any CPU
		{503D6382-8764-4018-B885-B3DB76EFA3D8}.Release|iPhoneSimulator.Build.0 = Release|Any CPU
		{503D6382-8764-4018-B885-B3DB76EFA3D8}.Debug|iPhone.ActiveCfg = Debug|Any CPU
		{503D6382-8764-4018-B885-B3DB76EFA3D8}.Debug|iPhone.Build.0 = Debug|Any CPU
		{503D6382-8764-4018-B885-B3DB76EFA3D8}.Release|iPhone.ActiveCfg = Release|Any CPU
		{503D6382-8764-4018-B885-B3DB76EFA3D8}.Release|iPhone.Build.0 = Release|Any CPU
		{83211262-3771-4708-94A2-E19103184480}.Debug|Any CPU.ActiveCfg = Debug|Any CPU
		{83211262-3771-4708-94A2-E19103184480}.Debug|Any CPU.Build.0 = Debug|Any CPU
		{83211262-3771-4708-94A2-E19103184480}.Release|Any CPU.ActiveCfg = Release|Any CPU
		{83211262-3771-4708-94A2-E19103184480}.Release|Any CPU.Build.0 = Release|Any CPU
		{83211262-3771-4708-94A2-E19103184480}.Debug|iPhoneSimulator.ActiveCfg = Debug|Any CPU
		{83211262-3771-4708-94A2-E19103184480}.Debug|iPhoneSimulator.Build.0 = Debug|Any CPU
		{83211262-3771-4708-94A2-E19103184480}.Release|iPhoneSimulator.ActiveCfg = Release|Any CPU
		{83211262-3771-4708-94A2-E19103184480}.Release|iPhoneSimulator.Build.0 = Release|Any CPU
		{83211262-3771-4708-94A2-E19103184480}.Debug|iPhone.ActiveCfg = Debug|Any CPU
		{83211262-3771-4708-94A2-E19103184480}.Debug|iPhone.Build.0 = Debug|Any CPU
		{83211262-3771-4708-94A2-E19103184480}.Release|iPhone.ActiveCfg = Release|Any CPU
		{83211262-3771-4708-94A2-E19103184480}.Release|iPhone.Build.0 = Release|Any CPU
	EndGlobalSection
	GlobalSection(SolutionProperties) = preSolution
		HideSolutionNode = FALSE
	EndGlobalSection
	GlobalSection(ExtensibilityGlobals) = postSolution
		SolutionGuid = {D23D30F0-0C56-4334-9087-236CB5FD0C67}
	EndGlobalSection
EndGlobal
